// !$*UTF8*$!
{
	archiveVersion = 1;
	classes = {
	};
	objectVersion = 52;
	objects = {

/* Begin PBXBuildFile section */
		27376AEF2D6B4BCC00E0C732 /* City+CoreDataClass.swift in Sources */ = {isa = PBXBuildFile; fileRef = 27376AED2D6B4BCC00E0C732 /* City+CoreDataClass.swift */; };
		27376AF02D6B4BCC00E0C732 /* City+CoreDataProperties.swift in Sources */ = {isa = PBXBuildFile; fileRef = 27376AEE2D6B4BCC00E0C732 /* City+CoreDataProperties.swift */; };
		27376AF32D6B4CB000E0C732 /* DBManager.swift in Sources */ = {isa = PBXBuildFile; fileRef = 27376AF22D6B4CB000E0C732 /* DBManager.swift */; };
		27376AF52D6B8CD000E0C732 /* ErrorViewController.swift in Sources */ = {isa = PBXBuildFile; fileRef = 27376AF42D6B8CD000E0C732 /* ErrorViewController.swift */; };
		276C91DA2D555DE5001979E7 /* AppDelegate.swift in Sources */ = {isa = PBXBuildFile; fileRef = 276C91D92D555DE5001979E7 /* AppDelegate.swift */; };
		276C91DC2D555DE5001979E7 /* SceneDelegate.swift in Sources */ = {isa = PBXBuildFile; fileRef = 276C91DB2D555DE5001979E7 /* SceneDelegate.swift */; };
		276C91DE2D555DE5001979E7 /* ViewController.swift in Sources */ = {isa = PBXBuildFile; fileRef = 276C91DD2D555DE5001979E7 /* ViewController.swift */; };
		276C91E12D555DE5001979E7 /* Main.storyboard in Resources */ = {isa = PBXBuildFile; fileRef = 276C91DF2D555DE5001979E7 /* Main.storyboard */; };
		276C91E42D555DE5001979E7 /* WeatherApp.xcdatamodeld in Sources */ = {isa = PBXBuildFile; fileRef = 276C91E22D555DE5001979E7 /* WeatherApp.xcdatamodeld */; };
		276C91E62D555DE6001979E7 /* Assets.xcassets in Resources */ = {isa = PBXBuildFile; fileRef = 276C91E52D555DE6001979E7 /* Assets.xcassets */; };
		276C91E92D555DE6001979E7 /* LaunchScreen.storyboard in Resources */ = {isa = PBXBuildFile; fileRef = 276C91E72D555DE6001979E7 /* LaunchScreen.storyboard */; };
		276C91F12D555E05001979E7 /* WeatherViewController.swift in Sources */ = {isa = PBXBuildFile; fileRef = 276C91F02D555E05001979E7 /* WeatherViewController.swift */; };
		279F56B52D5628EA00114A6B /* WeatherCell.swift in Sources */ = {isa = PBXBuildFile; fileRef = 279F56B42D5628EA00114A6B /* WeatherCell.swift */; };
		279F56B72D56619400114A6B /* CityPopupView.swift in Sources */ = {isa = PBXBuildFile; fileRef = 279F56B62D56619400114A6B /* CityPopupView.swift */; };
		27A6B7812D58E0E100CBF509 /* CityForecastViewController.swift in Sources */ = {isa = PBXBuildFile; fileRef = 27A6B7802D58E0E100CBF509 /* CityForecastViewController.swift */; };
		27A6B7832D58E37400CBF509 /* ForecastCell.swift in Sources */ = {isa = PBXBuildFile; fileRef = 27A6B7822D58E37400CBF509 /* ForecastCell.swift */; };
		27AF08082D5918630099A73B /* CustomCollectionLayout.swift in Sources */ = {isa = PBXBuildFile; fileRef = 27AF08072D5918630099A73B /* CustomCollectionLayout.swift */; };
/* End PBXBuildFile section */

/* Begin PBXFileReference section */
		27376AED2D6B4BCC00E0C732 /* City+CoreDataClass.swift */ = {isa = PBXFileReference; lastKnownFileType = sourcecode.swift; path = "City+CoreDataClass.swift"; sourceTree = "<group>"; };
		27376AEE2D6B4BCC00E0C732 /* City+CoreDataProperties.swift */ = {isa = PBXFileReference; lastKnownFileType = sourcecode.swift; path = "City+CoreDataProperties.swift"; sourceTree = "<group>"; };
		27376AF22D6B4CB000E0C732 /* DBManager.swift */ = {isa = PBXFileReference; lastKnownFileType = sourcecode.swift; path = DBManager.swift; sourceTree = "<group>"; };
		27376AF42D6B8CD000E0C732 /* ErrorViewController.swift */ = {isa = PBXFileReference; lastKnownFileType = sourcecode.swift; path = ErrorViewController.swift; sourceTree = "<group>"; };
		276C91D62D555DE5001979E7 /* WeatherApp.app */ = {isa = PBXFileReference; explicitFileType = wrapper.application; includeInIndex = 0; path = WeatherApp.app; sourceTree = BUILT_PRODUCTS_DIR; };
		276C91D92D555DE5001979E7 /* AppDelegate.swift */ = {isa = PBXFileReference; lastKnownFileType = sourcecode.swift; path = AppDelegate.swift; sourceTree = "<group>"; };
		276C91DB2D555DE5001979E7 /* SceneDelegate.swift */ = {isa = PBXFileReference; lastKnownFileType = sourcecode.swift; path = SceneDelegate.swift; sourceTree = "<group>"; };
		276C91DD2D555DE5001979E7 /* ViewController.swift */ = {isa = PBXFileReference; lastKnownFileType = sourcecode.swift; path = ViewController.swift; sourceTree = "<group>"; };
		276C91E02D555DE5001979E7 /* Base */ = {isa = PBXFileReference; lastKnownFileType = file.storyboard; name = Base; path = Base.lproj/Main.storyboard; sourceTree = "<group>"; };
		276C91E32D555DE5001979E7 /* WeatherApp.xcdatamodel */ = {isa = PBXFileReference; lastKnownFileType = wrapper.xcdatamodel; path = WeatherApp.xcdatamodel; sourceTree = "<group>"; };
		276C91E52D555DE6001979E7 /* Assets.xcassets */ = {isa = PBXFileReference; lastKnownFileType = folder.assetcatalog; path = Assets.xcassets; sourceTree = "<group>"; };
		276C91E82D555DE6001979E7 /* Base */ = {isa = PBXFileReference; lastKnownFileType = file.storyboard; name = Base; path = Base.lproj/LaunchScreen.storyboard; sourceTree = "<group>"; };
		276C91EA2D555DE6001979E7 /* Info.plist */ = {isa = PBXFileReference; lastKnownFileType = text.plist.xml; path = Info.plist; sourceTree = "<group>"; };
		276C91F02D555E05001979E7 /* WeatherViewController.swift */ = {isa = PBXFileReference; lastKnownFileType = sourcecode.swift; path = WeatherViewController.swift; sourceTree = "<group>"; };
		279F56B42D5628EA00114A6B /* WeatherCell.swift */ = {isa = PBXFileReference; lastKnownFileType = sourcecode.swift; path = WeatherCell.swift; sourceTree = "<group>"; };
		279F56B62D56619400114A6B /* CityPopupView.swift */ = {isa = PBXFileReference; lastKnownFileType = sourcecode.swift; path = CityPopupView.swift; sourceTree = "<group>"; xcLanguageSpecificationIdentifier = xcode.lang.fortran; };
		27A6B7802D58E0E100CBF509 /* CityForecastViewController.swift */ = {isa = PBXFileReference; lastKnownFileType = sourcecode.swift; path = CityForecastViewController.swift; sourceTree = "<group>"; };
		27A6B7822D58E37400CBF509 /* ForecastCell.swift */ = {isa = PBXFileReference; lastKnownFileType = sourcecode.swift; path = ForecastCell.swift; sourceTree = "<group>"; };
		27AF08072D5918630099A73B /* CustomCollectionLayout.swift */ = {isa = PBXFileReference; lastKnownFileType = sourcecode.swift; path = CustomCollectionLayout.swift; sourceTree = "<group>"; };
/* End PBXFileReference section */

/* Begin PBXFrameworksBuildPhase section */
		276C91D32D555DE5001979E7 /* Frameworks */ = {
			isa = PBXFrameworksBuildPhase;
			buildActionMask = 2147483647;
			files = (
			);
			runOnlyForDeploymentPostprocessing = 0;
		};
/* End PBXFrameworksBuildPhase section */

/* Begin PBXGroup section */
		2716172D2D6DDA6500AF7BCB /* cells */ = {
			isa = PBXGroup;
			children = (
				279F56B42D5628EA00114A6B /* WeatherCell.swift */,
				27A6B7822D58E37400CBF509 /* ForecastCell.swift */,
			);
			path = cells;
			sourceTree = "<group>";
		};
		2716172E2D6DDA8A00AF7BCB /* viewControllers */ = {
			isa = PBXGroup;
			children = (
				279F56B62D56619400114A6B /* CityPopupView.swift */,
				27A6B7802D58E0E100CBF509 /* CityForecastViewController.swift */,
				27376AF42D6B8CD000E0C732 /* ErrorViewController.swift */,
				276C91F02D555E05001979E7 /* WeatherViewController.swift */,
			);
			path = viewControllers;
			sourceTree = "<group>";
		};
		2716172F2D6DDAAA00AF7BCB /* Layouts */ = {
			isa = PBXGroup;
			children = (
				27AF08072D5918630099A73B /* CustomCollectionLayout.swift */,
			);
			path = Layouts;
			sourceTree = "<group>";
		};
		27376AF12D6B4C0A00E0C732 /* DB */ = {
			isa = PBXGroup;
			children = (
				27376AED2D6B4BCC00E0C732 /* City+CoreDataClass.swift */,
				27376AEE2D6B4BCC00E0C732 /* City+CoreDataProperties.swift */,
				27376AF22D6B4CB000E0C732 /* DBManager.swift */,
			);
			path = DB;
			sourceTree = "<group>";
		};
		276C91CD2D555DE5001979E7 = {
			isa = PBXGroup;
			children = (
				276C91D82D555DE5001979E7 /* WeatherApp */,
				276C91D72D555DE5001979E7 /* Products */,
			);
			sourceTree = "<group>";
		};
		276C91D72D555DE5001979E7 /* Products */ = {
			isa = PBXGroup;
			children = (
				276C91D62D555DE5001979E7 /* WeatherApp.app */,
			);
			name = Products;
			sourceTree = "<group>";
		};
		276C91D82D555DE5001979E7 /* WeatherApp */ = {
			isa = PBXGroup;
			children = (
				2716172F2D6DDAAA00AF7BCB /* Layouts */,
				2716172E2D6DDA8A00AF7BCB /* viewControllers */,
				2716172D2D6DDA6500AF7BCB /* cells */,
				27376AF12D6B4C0A00E0C732 /* DB */,
				276C91D92D555DE5001979E7 /* AppDelegate.swift */,
				276C91DB2D555DE5001979E7 /* SceneDelegate.swift */,
				276C91DD2D555DE5001979E7 /* ViewController.swift */,
				276C91DF2D555DE5001979E7 /* Main.storyboard */,
				276C91E52D555DE6001979E7 /* Assets.xcassets */,
				276C91E72D555DE6001979E7 /* LaunchScreen.storyboard */,
				276C91EA2D555DE6001979E7 /* Info.plist */,
				276C91E22D555DE5001979E7 /* WeatherApp.xcdatamodeld */,
			);
			path = WeatherApp;
			sourceTree = "<group>";
		};
/* End PBXGroup section */

/* Begin PBXNativeTarget section */
		276C91D52D555DE5001979E7 /* WeatherApp */ = {
			isa = PBXNativeTarget;
			buildConfigurationList = 276C91ED2D555DE6001979E7 /* Build configuration list for PBXNativeTarget "WeatherApp" */;
			buildPhases = (
				276C91D22D555DE5001979E7 /* Sources */,
				276C91D32D555DE5001979E7 /* Frameworks */,
				276C91D42D555DE5001979E7 /* Resources */,
			);
			buildRules = (
			);
			dependencies = (
			);
			name = WeatherApp;
			packageProductDependencies = (
			);
			productName = WeatherApp;
			productReference = 276C91D62D555DE5001979E7 /* WeatherApp.app */;
			productType = "com.apple.product-type.application";
		};
/* End PBXNativeTarget section */

/* Begin PBXProject section */
		276C91CE2D555DE5001979E7 /* Project object */ = {
			isa = PBXProject;
			attributes = {
				LastSwiftUpdateCheck = 1250;
				LastUpgradeCheck = 1250;
				TargetAttributes = {
					276C91D52D555DE5001979E7 = {
						CreatedOnToolsVersion = 12.5.1;
					};
				};
			};
			buildConfigurationList = 276C91D12D555DE5001979E7 /* Build configuration list for PBXProject "WeatherApp" */;
			compatibilityVersion = "Xcode 9.3";
			developmentRegion = en;
			hasScannedForEncodings = 0;
			knownRegions = (
				en,
				Base,
			);
			mainGroup = 276C91CD2D555DE5001979E7;
			packageReferences = (
				2716172C2D6DD61300AF7BCB /* XCRemoteSwiftPackageReference "Kingfisher" */,
			);
			productRefGroup = 276C91D72D555DE5001979E7 /* Products */;
			projectDirPath = "";
			projectRoot = "";
			targets = (
				276C91D52D555DE5001979E7 /* WeatherApp */,
			);
		};
/* End PBXProject section */

/* Begin PBXResourcesBuildPhase section */
		276C91D42D555DE5001979E7 /* Resources */ = {
			isa = PBXResourcesBuildPhase;
			buildActionMask = 2147483647;
			files = (
				276C91E92D555DE6001979E7 /* LaunchScreen.storyboard in Resources */,
				276C91E62D555DE6001979E7 /* Assets.xcassets in Resources */,
				276C91E12D555DE5001979E7 /* Main.storyboard in Resources */,
			);
			runOnlyForDeploymentPostprocessing = 0;
		};
/* End PBXResourcesBuildPhase section */

/* Begin PBXSourcesBuildPhase section */
		276C91D22D555DE5001979E7 /* Sources */ = {
			isa = PBXSourcesBuildPhase;
			buildActionMask = 2147483647;
			files = (
				27A6B7832D58E37400CBF509 /* ForecastCell.swift in Sources */,
				276C91E42D555DE5001979E7 /* WeatherApp.xcdatamodeld in Sources */,
				276C91F12D555E05001979E7 /* WeatherViewController.swift in Sources */,
				27376AF32D6B4CB000E0C732 /* DBManager.swift in Sources */,
				276C91DE2D555DE5001979E7 /* ViewController.swift in Sources */,
				27376AF02D6B4BCC00E0C732 /* City+CoreDataProperties.swift in Sources */,
				276C91DA2D555DE5001979E7 /* AppDelegate.swift in Sources */,
				27376AF52D6B8CD000E0C732 /* ErrorViewController.swift in Sources */,
				27A6B7812D58E0E100CBF509 /* CityForecastViewController.swift in Sources */,
				27AF08082D5918630099A73B /* CustomCollectionLayout.swift in Sources */,
				276C91DC2D555DE5001979E7 /* SceneDelegate.swift in Sources */,
				279F56B72D56619400114A6B /* CityPopupView.swift in Sources */,
				279F56B52D5628EA00114A6B /* WeatherCell.swift in Sources */,
				27376AEF2D6B4BCC00E0C732 /* City+CoreDataClass.swift in Sources */,
			);
			runOnlyForDeploymentPostprocessing = 0;
		};
/* End PBXSourcesBuildPhase section */

/* Begin PBXVariantGroup section */
		276C91DF2D555DE5001979E7 /* Main.storyboard */ = {
			isa = PBXVariantGroup;
			children = (
				276C91E02D555DE5001979E7 /* Base */,
			);
			name = Main.storyboard;
			sourceTree = "<group>";
		};
		276C91E72D555DE6001979E7 /* LaunchScreen.storyboard */ = {
			isa = PBXVariantGroup;
			children = (
				276C91E82D555DE6001979E7 /* Base */,
			);
			name = LaunchScreen.storyboard;
			sourceTree = "<group>";
		};
/* End PBXVariantGroup section */

/* Begin XCBuildConfiguration section */
		276C91EB2D555DE6001979E7 /* Debug */ = {
			isa = XCBuildConfiguration;
			buildSettings = {
				ALWAYS_SEARCH_USER_PATHS = NO;
				CLANG_ANALYZER_NONNULL = YES;
				CLANG_ANALYZER_NUMBER_OBJECT_CONVERSION = YES_AGGRESSIVE;
				CLANG_CXX_LANGUAGE_STANDARD = "gnu++14";
				CLANG_CXX_LIBRARY = "libc++";
				CLANG_ENABLE_MODULES = YES;
				CLANG_ENABLE_OBJC_ARC = YES;
				CLANG_ENABLE_OBJC_WEAK = YES;
				CLANG_WARN_BLOCK_CAPTURE_AUTORELEASING = YES;
				CLANG_WARN_BOOL_CONVERSION = YES;
				CLANG_WARN_COMMA = YES;
				CLANG_WARN_CONSTANT_CONVERSION = YES;
				CLANG_WARN_DEPRECATED_OBJC_IMPLEMENTATIONS = YES;
				CLANG_WARN_DIRECT_OBJC_ISA_USAGE = YES_ERROR;
				CLANG_WARN_DOCUMENTATION_COMMENTS = YES;
				CLANG_WARN_EMPTY_BODY = YES;
				CLANG_WARN_ENUM_CONVERSION = YES;
				CLANG_WARN_INFINITE_RECURSION = YES;
				CLANG_WARN_INT_CONVERSION = YES;
				CLANG_WARN_NON_LITERAL_NULL_CONVERSION = YES;
				CLANG_WARN_OBJC_IMPLICIT_RETAIN_SELF = YES;
				CLANG_WARN_OBJC_LITERAL_CONVERSION = YES;
				CLANG_WARN_OBJC_ROOT_CLASS = YES_ERROR;
				CLANG_WARN_QUOTED_INCLUDE_IN_FRAMEWORK_HEADER = YES;
				CLANG_WARN_RANGE_LOOP_ANALYSIS = YES;
				CLANG_WARN_STRICT_PROTOTYPES = YES;
				CLANG_WARN_SUSPICIOUS_MOVE = YES;
				CLANG_WARN_UNGUARDED_AVAILABILITY = YES_AGGRESSIVE;
				CLANG_WARN_UNREACHABLE_CODE = YES;
				CLANG_WARN__DUPLICATE_METHOD_MATCH = YES;
				COPY_PHASE_STRIP = NO;
				DEBUG_INFORMATION_FORMAT = dwarf;
				ENABLE_STRICT_OBJC_MSGSEND = YES;
				ENABLE_TESTABILITY = YES;
				GCC_C_LANGUAGE_STANDARD = gnu11;
				GCC_DYNAMIC_NO_PIC = NO;
				GCC_NO_COMMON_BLOCKS = YES;
				GCC_OPTIMIZATION_LEVEL = 0;
				GCC_PREPROCESSOR_DEFINITIONS = (
					"DEBUG=1",
					"$(inherited)",
				);
				GCC_WARN_64_TO_32_BIT_CONVERSION = YES;
				GCC_WARN_ABOUT_RETURN_TYPE = YES_ERROR;
				GCC_WARN_UNDECLARED_SELECTOR = YES;
				GCC_WARN_UNINITIALIZED_AUTOS = YES_AGGRESSIVE;
				GCC_WARN_UNUSED_FUNCTION = YES;
				GCC_WARN_UNUSED_VARIABLE = YES;
				IPHONEOS_DEPLOYMENT_TARGET = 14.5;
				MTL_ENABLE_DEBUG_INFO = INCLUDE_SOURCE;
				MTL_FAST_MATH = YES;
				ONLY_ACTIVE_ARCH = YES;
				SDKROOT = iphoneos;
				SWIFT_ACTIVE_COMPILATION_CONDITIONS = DEBUG;
				SWIFT_OPTIMIZATION_LEVEL = "-Onone";
			};
			name = Debug;
		};
		276C91EC2D555DE6001979E7 /* Release */ = {
			isa = XCBuildConfiguration;
			buildSettings = {
				ALWAYS_SEARCH_USER_PATHS = NO;
				CLANG_ANALYZER_NONNULL = YES;
				CLANG_ANALYZER_NUMBER_OBJECT_CONVERSION = YES_AGGRESSIVE;
				CLANG_CXX_LANGUAGE_STANDARD = "gnu++14";
				CLANG_CXX_LIBRARY = "libc++";
				CLANG_ENABLE_MODULES = YES;
				CLANG_ENABLE_OBJC_ARC = YES;
				CLANG_ENABLE_OBJC_WEAK = YES;
				CLANG_WARN_BLOCK_CAPTURE_AUTORELEASING = YES;
				CLANG_WARN_BOOL_CONVERSION = YES;
				CLANG_WARN_COMMA = YES;
				CLANG_WARN_CONSTANT_CONVERSION = YES;
				CLANG_WARN_DEPRECATED_OBJC_IMPLEMENTATIONS = YES;
				CLANG_WARN_DIRECT_OBJC_ISA_USAGE = YES_ERROR;
				CLANG_WARN_DOCUMENTATION_COMMENTS = YES;
				CLANG_WARN_EMPTY_BODY = YES;
				CLANG_WARN_ENUM_CONVERSION = YES;
				CLANG_WARN_INFINITE_RECURSION = YES;
				CLANG_WARN_INT_CONVERSION = YES;
				CLANG_WARN_NON_LITERAL_NULL_CONVERSION = YES;
				CLANG_WARN_OBJC_IMPLICIT_RETAIN_SELF = YES;
				CLANG_WARN_OBJC_LITERAL_CONVERSION = YES;
				CLANG_WARN_OBJC_ROOT_CLASS = YES_ERROR;
				CLANG_WARN_QUOTED_INCLUDE_IN_FRAMEWORK_HEADER = YES;
				CLANG_WARN_RANGE_LOOP_ANALYSIS = YES;
				CLANG_WARN_STRICT_PROTOTYPES = YES;
				CLANG_WARN_SUSPICIOUS_MOVE = YES;
				CLANG_WARN_UNGUARDED_AVAILABILITY = YES_AGGRESSIVE;
				CLANG_WARN_UNREACHABLE_CODE = YES;
				CLANG_WARN__DUPLICATE_METHOD_MATCH = YES;
				COPY_PHASE_STRIP = NO;
				DEBUG_INFORMATION_FORMAT = "dwarf-with-dsym";
				ENABLE_NS_ASSERTIONS = NO;
				ENABLE_STRICT_OBJC_MSGSEND = YES;
				GCC_C_LANGUAGE_STANDARD = gnu11;
				GCC_NO_COMMON_BLOCKS = YES;
				GCC_WARN_64_TO_32_BIT_CONVERSION = YES;
				GCC_WARN_ABOUT_RETURN_TYPE = YES_ERROR;
				GCC_WARN_UNDECLARED_SELECTOR = YES;
				GCC_WARN_UNINITIALIZED_AUTOS = YES_AGGRESSIVE;
				GCC_WARN_UNUSED_FUNCTION = YES;
				GCC_WARN_UNUSED_VARIABLE = YES;
				IPHONEOS_DEPLOYMENT_TARGET = 14.5;
				MTL_ENABLE_DEBUG_INFO = NO;
				MTL_FAST_MATH = YES;
				SDKROOT = iphoneos;
				SWIFT_COMPILATION_MODE = wholemodule;
				SWIFT_OPTIMIZATION_LEVEL = "-O";
				VALIDATE_PRODUCT = YES;
			};
			name = Release;
		};
		276C91EE2D555DE6001979E7 /* Debug */ = {
			isa = XCBuildConfiguration;
			buildSettings = {
				ASSETCATALOG_COMPILER_APPICON_NAME = AppIcon;
				ASSETCATALOG_COMPILER_GLOBAL_ACCENT_COLOR_NAME = AccentColor;
				CODE_SIGN_STYLE = Automatic;
				INFOPLIST_FILE = WeatherApp/Info.plist;
				LD_RUNPATH_SEARCH_PATHS = (
					"$(inherited)",
					"@executable_path/Frameworks",
				);
				PRODUCT_BUNDLE_IDENTIFIER = freeuni.WeatherApp;
				PRODUCT_NAME = "$(TARGET_NAME)";
				SWIFT_VERSION = 5.0;
				TARGETED_DEVICE_FAMILY = "1,2";
			};
			name = Debug;
		};
		276C91EF2D555DE6001979E7 /* Release */ = {
			isa = XCBuildConfiguration;
			buildSettings = {
				ASSETCATALOG_COMPILER_APPICON_NAME = AppIcon;
				ASSETCATALOG_COMPILER_GLOBAL_ACCENT_COLOR_NAME = AccentColor;
				CODE_SIGN_STYLE = Automatic;
				INFOPLIST_FILE = WeatherApp/Info.plist;
				LD_RUNPATH_SEARCH_PATHS = (
					"$(inherited)",
					"@executable_path/Frameworks",
				);
				PRODUCT_BUNDLE_IDENTIFIER = freeuni.WeatherApp;
				PRODUCT_NAME = "$(TARGET_NAME)";
				SWIFT_VERSION = 5.0;
				TARGETED_DEVICE_FAMILY = "1,2";
			};
			name = Release;
		};
/* End XCBuildConfiguration section */

/* Begin XCConfigurationList section */
		276C91D12D555DE5001979E7 /* Build configuration list for PBXProject "WeatherApp" */ = {
			isa = XCConfigurationList;
			buildConfigurations = (
				276C91EB2D555DE6001979E7 /* Debug */,
				276C91EC2D555DE6001979E7 /* Release */,
			);
			defaultConfigurationIsVisible = 0;
			defaultConfigurationName = Release;
		};
		276C91ED2D555DE6001979E7 /* Build configuration list for PBXNativeTarget "WeatherApp" */ = {
			isa = XCConfigurationList;
			buildConfigurations = (
				276C91EE2D555DE6001979E7 /* Debug */,
				276C91EF2D555DE6001979E7 /* Release */,
			);
			defaultConfigurationIsVisible = 0;
			defaultConfigurationName = Release;
		};
/* End XCConfigurationList section */

/* Begin XCRemoteSwiftPackageReference section */
		2716172C2D6DD61300AF7BCB /* XCRemoteSwiftPackageReference "Kingfisher" */ = {
			isa = XCRemoteSwiftPackageReference;
			repositoryURL = "https://github.com/onevcat/Kingfisher";
			requirement = {
				kind = upToNextMajorVersion;
				minimumVersion = 5.0.0;
			};
		};
/* End XCRemoteSwiftPackageReference section */

/* Begin XCVersionGroup section */
		276C91E22D555DE5001979E7 /* WeatherApp.xcdatamodeld */ = {
			isa = XCVersionGroup;
			children = (
				276C91E32D555DE5001979E7 /* WeatherApp.xcdatamodel */,
			);
			currentVersion = 276C91E32D555DE5001979E7 /* WeatherApp.xcdatamodel */;
			path = WeatherApp.xcdatamodeld;
			sourceTree = "<group>";
			versionGroupType = wrapper.xcdatamodel;
		};
/* End XCVersionGroup section */
	};
	rootObject = 276C91CE2D555DE5001979E7 /* Project object */;
}
